
Microsoft Visual Studio Solution File, Format Version 12.00
# Visual Studio Version 17
VisualStudioVersion = 17.5.002.0
MinimumVisualStudioVersion = 10.0.40219.1
Project("{9A19103F-16F7-4668-BE54-9A1E7A4F7556}") = "Big0-Find&Fix01", "Big0-Find&Fix01.csproj", "{CFB9E855-FE9E-476D-8649-8D4BE5CE4AC3}"
EndProject
Global
	GlobalSection(SolutionConfigurationPlatforms) = preSolution
		Debug|Any CPU = Debug|Any CPU
		Release|Any CPU = Release|Any CPU
	EndGlobalSection
	GlobalSection(ProjectConfigurationPlatforms) = postSolution
		{CFB9E855-FE9E-476D-8649-8D4BE5CE4AC3}.Debug|Any CPU.ActiveCfg = Debug|Any CPU
		{CFB9E855-FE9E-476D-8649-8D4BE5CE4AC3}.Debug|Any CPU.Build.0 = Debug|Any CPU
		{CFB9E855-FE9E-476D-8649-8D4BE5CE4AC3}.Release|Any CPU.ActiveCfg = Release|Any CPU
		{CFB9E855-FE9E-476D-8649-8D4BE5CE4AC3}.Release|Any CPU.Build.0 = Release|Any CPU
	EndGlobalSection
	GlobalSection(SolutionProperties) = preSolution
		HideSolutionNode = FALSE
	EndGlobalSection
	GlobalSection(ExtensibilityGlobals) = postSolution
		SolutionGuid = {82F5FA84-0482-4EF2-9373-87214DAF16E8}
	EndGlobalSection
EndGlobal
